{
  "originHash" : "9996e8c50ef6e7de3b86dd22f1ff13f51193b75800e3a98d6c9c77b328ad7ac4",
  "pins" : [
    {
      "identity" : "swift-argument-parser",
      "kind" : "remoteSourceControl",
      "location" : "https://github.com/apple/swift-argument-parser.git",
      "state" : {
        "revision" : "6a52f3251125d74daf04fcbd5e6f08a75d074382",
        "version" : "1.8.2"
      }
    },
    {
      "identity" : "vecturakit",
      "kind" : "remoteSourceControl",
      "location" : "https://github.com/rryam/VecturaKit.git",
      "state" : {
        "revision" : "e5b7cd835b7197b4278d564d134e7bf8e37a6b8c",
        "version" : "6.2.0"
      }
    }
  ],
  "version" : 3
}
